// !$*UTF8*$!
{
	archiveVersion = 1;
	classes = {
	};
	objectVersion = 46;
	objects = {

/* Begin PBXBuildFile section */
		9AB9D29E1BBFCAD200798D4B /* AppDelegate.swift in Sources */ = {isa = PBXBuildFile; fileRef = 9AB9D29D1BBFCAD200798D4B /* AppDelegate.swift */; };
		9AB9D2A31BBFCAD200798D4B /* Main.storyboard in Resources */ = {isa = PBXBuildFile; fileRef = 9AB9D2A11BBFCAD200798D4B /* Main.storyboard */; };
		9AB9D2A51BBFCAD200798D4B /* Assets.xcassets in Resources */ = {isa = PBXBuildFile; fileRef = 9AB9D2A41BBFCAD200798D4B /* Assets.xcassets */; };
		9AB9D2A81BBFCAD200798D4B /* LaunchScreen.storyboard in Resources */ = {isa = PBXBuildFile; fileRef = 9AB9D2A61BBFCAD200798D4B /* LaunchScreen.storyboard */; };
		9AB9D2B31BBFCAD200798D4B /* SwiftDesignPatternsTests.swift in Sources */ = {isa = PBXBuildFile; fileRef = 9AB9D2B21BBFCAD200798D4B /* SwiftDesignPatternsTests.swift */; };
		9AB9D2BE1BBFCAD200798D4B /* SwiftDesignPatternsUITests.swift in Sources */ = {isa = PBXBuildFile; fileRef = 9AB9D2BD1BBFCAD200798D4B /* SwiftDesignPatternsUITests.swift */; };
		9AB9D2CE1BBFCBF000798D4B /* TopViewController.swift in Sources */ = {isa = PBXBuildFile; fileRef = 9AB9D2CD1BBFCBF000798D4B /* TopViewController.swift */; settings = {ASSET_TAGS = (); }; };
		9AB9D2D01BBFCC3F00798D4B /* SingletonDataManager.swift in Sources */ = {isa = PBXBuildFile; fileRef = 9AB9D2CF1BBFCC3F00798D4B /* SingletonDataManager.swift */; settings = {ASSET_TAGS = (); }; };
		9AB9D2D51BBFCDF800798D4B /* Decorator.swift in Sources */ = {isa = PBXBuildFile; fileRef = 9AB9D2D41BBFCDF800798D4B /* Decorator.swift */; settings = {ASSET_TAGS = (); }; };
		9AB9D2D81BBFD42E00798D4B /* FactoryMethod.swift in Sources */ = {isa = PBXBuildFile; fileRef = 9AB9D2D71BBFD42E00798D4B /* FactoryMethod.swift */; settings = {ASSET_TAGS = (); }; };
/* End PBXBuildFile section */

/* Begin PBXContainerItemProxy section */
		9AB9D2AF1BBFCAD200798D4B /* PBXContainerItemProxy */ = {
			isa = PBXContainerItemProxy;
			containerPortal = 9AB9D2921BBFCAD200798D4B /* Project object */;
			proxyType = 1;
			remoteGlobalIDString = 9AB9D2991BBFCAD200798D4B;
			remoteInfo = SwiftDesignPatterns;
		};
		9AB9D2BA1BBFCAD200798D4B /* PBXContainerItemProxy */ = {
			isa = PBXContainerItemProxy;
			containerPortal = 9AB9D2921BBFCAD200798D4B /* Project object */;
			proxyType = 1;
			remoteGlobalIDString = 9AB9D2991BBFCAD200798D4B;
			remoteInfo = SwiftDesignPatterns;
		};
/* End PBXContainerItemProxy section */

/* Begin PBXFileReference section */
		9AB9D29A1BBFCAD200798D4B /* SwiftDesignPatterns.app */ = {isa = PBXFileReference; explicitFileType = wrapper.application; includeInIndex = 0; path = SwiftDesignPatterns.app; sourceTree = BUILT_PRODUCTS_DIR; };
		9AB9D29D1BBFCAD200798D4B /* AppDelegate.swift */ = {isa = PBXFileReference; lastKnownFileType = sourcecode.swift; path = AppDelegate.swift; sourceTree = "<group>"; };
		9AB9D2A21BBFCAD200798D4B /* Base */ = {isa = PBXFileReference; lastKnownFileType = file.storyboard; name = Base; path = Base.lproj/Main.storyboard; sourceTree = "<group>"; };
		9AB9D2A41BBFCAD200798D4B /* Assets.xcassets */ = {isa = PBXFileReference; lastKnownFileType = folder.assetcatalog; path = Assets.xcassets; sourceTree = "<group>"; };
		9AB9D2A71BBFCAD200798D4B /* Base */ = {isa = PBXFileReference; lastKnownFileType = file.storyboard; name = Base; path = Base.lproj/LaunchScreen.storyboard; sourceTree = "<group>"; };
		9AB9D2A91BBFCAD200798D4B /* Info.plist */ = {isa = PBXFileReference; lastKnownFileType = text.plist.xml; path = Info.plist; sourceTree = "<group>"; };
		9AB9D2AE1BBFCAD200798D4B /* SwiftDesignPatternsTests.xctest */ = {isa = PBXFileReference; explicitFileType = wrapper.cfbundle; includeInIndex = 0; path = SwiftDesignPatternsTests.xctest; sourceTree = BUILT_PRODUCTS_DIR; };
		9AB9D2B21BBFCAD200798D4B /* SwiftDesignPatternsTests.swift */ = {isa = PBXFileReference; lastKnownFileType = sourcecode.swift; path = SwiftDesignPatternsTests.swift; sourceTree = "<group>"; };
		9AB9D2B41BBFCAD200798D4B /* Info.plist */ = {isa = PBXFileReference; lastKnownFileType = text.plist.xml; path = Info.plist; sourceTree = "<group>"; };
		9AB9D2B91BBFCAD200798D4B /* SwiftDesignPatternsUITests.xctest */ = {isa = PBXFileReference; explicitFileType = wrapper.cfbundle; includeInIndex = 0; path = SwiftDesignPatternsUITests.xctest; sourceTree = BUILT_PRODUCTS_DIR; };
		9AB9D2BD1BBFCAD200798D4B /* SwiftDesignPatternsUITests.swift */ = {isa = PBXFileReference; lastKnownFileType = sourcecode.swift; path = SwiftDesignPatternsUITests.swift; sourceTree = "<group>"; };
		9AB9D2BF1BBFCAD200798D4B /* Info.plist */ = {isa = PBXFileReference; lastKnownFileType = text.plist.xml; path = Info.plist; sourceTree = "<group>"; };
		9AB9D2CD1BBFCBF000798D4B /* TopViewController.swift */ = {isa = PBXFileReference; fileEncoding = 4; lastKnownFileType = sourcecode.swift; path = TopViewController.swift; sourceTree = "<group>"; };
		9AB9D2CF1BBFCC3F00798D4B /* SingletonDataManager.swift */ = {isa = PBXFileReference; fileEncoding = 4; lastKnownFileType = sourcecode.swift; path = SingletonDataManager.swift; sourceTree = "<group>"; };
		9AB9D2D41BBFCDF800798D4B /* Decorator.swift */ = {isa = PBXFileReference; fileEncoding = 4; lastKnownFileType = sourcecode.swift; path = Decorator.swift; sourceTree = "<group>"; };
		9AB9D2D71BBFD42E00798D4B /* FactoryMethod.swift */ = {isa = PBXFileReference; fileEncoding = 4; lastKnownFileType = sourcecode.swift; path = FactoryMethod.swift; sourceTree = "<group>"; };
/* End PBXFileReference section */

/* Begin PBXFrameworksBuildPhase section */
		9AB9D2971BBFCAD200798D4B /* Frameworks */ = {
			isa = PBXFrameworksBuildPhase;
			buildActionMask = 2147483647;
			files = (
			);
			runOnlyForDeploymentPostprocessing = 0;
		};
		9AB9D2AB1BBFCAD200798D4B /* Frameworks */ = {
			isa = PBXFrameworksBuildPhase;
			buildActionMask = 2147483647;
			files = (
			);
			runOnlyForDeploymentPostprocessing = 0;
		};
		9AB9D2B61BBFCAD200798D4B /* Frameworks */ = {
			isa = PBXFrameworksBuildPhase;
			buildActionMask = 2147483647;
			files = (
			);
			runOnlyForDeploymentPostprocessing = 0;
		};
/* End PBXFrameworksBuildPhase section */

/* Begin PBXGroup section */
		9AB9D2911BBFCAD200798D4B = {
			isa = PBXGroup;
			children = (
				9AB9D29C1BBFCAD200798D4B /* SwiftDesignPatterns */,
				9AB9D2B11BBFCAD200798D4B /* SwiftDesignPatternsTests */,
				9AB9D2BC1BBFCAD200798D4B /* SwiftDesignPatternsUITests */,
				9AB9D29B1BBFCAD200798D4B /* Products */,
			);
			sourceTree = "<group>";
		};
		9AB9D29B1BBFCAD200798D4B /* Products */ = {
			isa = PBXGroup;
			children = (
				9AB9D29A1BBFCAD200798D4B /* SwiftDesignPatterns.app */,
				9AB9D2AE1BBFCAD200798D4B /* SwiftDesignPatternsTests.xctest */,
				9AB9D2B91BBFCAD200798D4B /* SwiftDesignPatternsUITests.xctest */,
			);
			name = Products;
			sourceTree = "<group>";
		};
		9AB9D29C1BBFCAD200798D4B /* SwiftDesignPatterns */ = {
			isa = PBXGroup;
			children = (
				9AB9D2D11BBFCD3D00798D4B /* AppDelegate */,
				9AB9D2CB1BBFCB6400798D4B /* DesignPatterns */,
				9AB9D2D21BBFCD5200798D4B /* Controller */,
				9AB9D2A11BBFCAD200798D4B /* Main.storyboard */,
				9AB9D2A41BBFCAD200798D4B /* Assets.xcassets */,
				9AB9D2A61BBFCAD200798D4B /* LaunchScreen.storyboard */,
				9AB9D2A91BBFCAD200798D4B /* Info.plist */,
			);
			path = SwiftDesignPatterns;
			sourceTree = "<group>";
		};
		9AB9D2B11BBFCAD200798D4B /* SwiftDesignPatternsTests */ = {
			isa = PBXGroup;
			children = (
				9AB9D2B21BBFCAD200798D4B /* SwiftDesignPatternsTests.swift */,
				9AB9D2B41BBFCAD200798D4B /* Info.plist */,
			);
			path = SwiftDesignPatternsTests;
			sourceTree = "<group>";
		};
		9AB9D2BC1BBFCAD200798D4B /* SwiftDesignPatternsUITests */ = {
			isa = PBXGroup;
			children = (
				9AB9D2BD1BBFCAD200798D4B /* SwiftDesignPatternsUITests.swift */,
				9AB9D2BF1BBFCAD200798D4B /* Info.plist */,
			);
			path = SwiftDesignPatternsUITests;
			sourceTree = "<group>";
		};
		9AB9D2CB1BBFCB6400798D4B /* DesignPatterns */ = {
			isa = PBXGroup;
			children = (
				9AB9D2D61BBFD40100798D4B /* FactoryMethod */,
				9AB9D2D31BBFCDCB00798D4B /* Decorator */,
				9AB9D2CC1BBFCB8900798D4B /* Singleton */,
			);
			name = DesignPatterns;
			sourceTree = "<group>";
		};
		9AB9D2CC1BBFCB8900798D4B /* Singleton */ = {
			isa = PBXGroup;
			children = (
				9AB9D2CF1BBFCC3F00798D4B /* SingletonDataManager.swift */,
			);
			name = Singleton;
			sourceTree = "<group>";
		};
		9AB9D2D11BBFCD3D00798D4B /* AppDelegate */ = {
			isa = PBXGroup;
			children = (
				9AB9D29D1BBFCAD200798D4B /* AppDelegate.swift */,
			);
			name = AppDelegate;
			sourceTree = "<group>";
		};
		9AB9D2D21BBFCD5200798D4B /* Controller */ = {
			isa = PBXGroup;
			children = (
				9AB9D2CD1BBFCBF000798D4B /* TopViewController.swift */,
			);
			name = Controller;
			sourceTree = "<group>";
		};
		9AB9D2D31BBFCDCB00798D4B /* Decorator */ = {
			isa = PBXGroup;
			children = (
				9AB9D2D41BBFCDF800798D4B /* Decorator.swift */,
			);
			name = Decorator;
			sourceTree = "<group>";
		};
		9AB9D2D61BBFD40100798D4B /* FactoryMethod */ = {
			isa = PBXGroup;
			children = (
				9AB9D2D71BBFD42E00798D4B /* FactoryMethod.swift */,
			);
			name = FactoryMethod;
			sourceTree = "<group>";
		};
/* End PBXGroup section */

/* Begin PBXNativeTarget section */
		9AB9D2991BBFCAD200798D4B /* SwiftDesignPatterns */ = {
			isa = PBXNativeTarget;
			buildConfigurationList = 9AB9D2C21BBFCAD200798D4B /* Build configuration list for PBXNativeTarget "SwiftDesignPatterns" */;
			buildPhases = (
				9AB9D2961BBFCAD200798D4B /* Sources */,
				9AB9D2971BBFCAD200798D4B /* Frameworks */,
				9AB9D2981BBFCAD200798D4B /* Resources */,
			);
			buildRules = (
			);
			dependencies = (
			);
			name = SwiftDesignPatterns;
			productName = SwiftDesignPatterns;
			productReference = 9AB9D29A1BBFCAD200798D4B /* SwiftDesignPatterns.app */;
			productType = "com.apple.product-type.application";
		};
		9AB9D2AD1BBFCAD200798D4B /* SwiftDesignPatternsTests */ = {
			isa = PBXNativeTarget;
			buildConfigurationList = 9AB9D2C51BBFCAD200798D4B /* Build configuration list for PBXNativeTarget "SwiftDesignPatternsTests" */;
			buildPhases = (
				9AB9D2AA1BBFCAD200798D4B /* Sources */,
				9AB9D2AB1BBFCAD200798D4B /* Frameworks */,
				9AB9D2AC1BBFCAD200798D4B /* Resources */,
			);
			buildRules = (
			);
			dependencies = (
				9AB9D2B01BBFCAD200798D4B /* PBXTargetDependency */,
			);
			name = SwiftDesignPatternsTests;
			productName = SwiftDesignPatternsTests;
			productReference = 9AB9D2AE1BBFCAD200798D4B /* SwiftDesignPatternsTests.xctest */;
			productType = "com.apple.product-type.bundle.unit-test";
		};
		9AB9D2B81BBFCAD200798D4B /* SwiftDesignPatternsUITests */ = {
			isa = PBXNativeTarget;
			buildConfigurationList = 9AB9D2C81BBFCAD200798D4B /* Build configuration list for PBXNativeTarget "SwiftDesignPatternsUITests" */;
			buildPhases = (
				9AB9D2B51BBFCAD200798D4B /* Sources */,
				9AB9D2B61BBFCAD200798D4B /* Frameworks */,
				9AB9D2B71BBFCAD200798D4B /* Resources */,
			);
			buildRules = (
			);
			dependencies = (
				9AB9D2BB1BBFCAD200798D4B /* PBXTargetDependency */,
			);
			name = SwiftDesignPatternsUITests;
			productName = SwiftDesignPatternsUITests;
			productReference = 9AB9D2B91BBFCAD200798D4B /* SwiftDesignPatternsUITests.xctest */;
			productType = "com.apple.product-type.bundle.ui-testing";
		};
/* End PBXNativeTarget section */

/* Begin PBXProject section */
		9AB9D2921BBFCAD200798D4B /* Project object */ = {
			isa = PBXProject;
			attributes = {
				LastUpgradeCheck = 0700;
				ORGANIZATIONNAME = naoyashiga;
				TargetAttributes = {
					9AB9D2991BBFCAD200798D4B = {
						CreatedOnToolsVersion = 7.0;
					};
					9AB9D2AD1BBFCAD200798D4B = {
						CreatedOnToolsVersion = 7.0;
						TestTargetID = 9AB9D2991BBFCAD200798D4B;
					};
					9AB9D2B81BBFCAD200798D4B = {
						CreatedOnToolsVersion = 7.0;
						TestTargetID = 9AB9D2991BBFCAD200798D4B;
					};
				};
			};
			buildConfigurationList = 9AB9D2951BBFCAD200798D4B /* Build configuration list for PBXProject "SwiftDesignPatterns" */;
			compatibilityVersion = "Xcode 3.2";
			developmentRegion = English;
			hasScannedForEncodings = 0;
			knownRegions = (
				en,
				Base,
			);
			mainGroup = 9AB9D2911BBFCAD200798D4B;
			productRefGroup = 9AB9D29B1BBFCAD200798D4B /* Products */;
			projectDirPath = "";
			projectRoot = "";
			targets = (
				9AB9D2991BBFCAD200798D4B /* SwiftDesignPatterns */,
				9AB9D2AD1BBFCAD200798D4B /* SwiftDesignPatternsTests */,
				9AB9D2B81BBFCAD200798D4B /* SwiftDesignPatternsUITests */,
			);
		};
/* End PBXProject section */

/* Begin PBXResourcesBuildPhase section */
		9AB9D2981BBFCAD200798D4B /* Resources */ = {
			isa = PBXResourcesBuildPhase;
			buildActionMask = 2147483647;
			files = (
				9AB9D2A81BBFCAD200798D4B /* LaunchScreen.storyboard in Resources */,
				9AB9D2A51BBFCAD200798D4B /* Assets.xcassets in Resources */,
				9AB9D2A31BBFCAD200798D4B /* Main.storyboard in Resources */,
			);
			runOnlyForDeploymentPostprocessing = 0;
		};
		9AB9D2AC1BBFCAD200798D4B /* Resources */ = {
			isa = PBXResourcesBuildPhase;
			buildActionMask = 2147483647;
			files = (
			);
			runOnlyForDeploymentPostprocessing = 0;
		};
		9AB9D2B71BBFCAD200798D4B /* Resources */ = {
			isa = PBXResourcesBuildPhase;
			buildActionMask = 2147483647;
			files = (
			);
			runOnlyForDeploymentPostprocessing = 0;
		};
/* End PBXResourcesBuildPhase section */

/* Begin PBXSourcesBuildPhase section */
		9AB9D2961BBFCAD200798D4B /* Sources */ = {
			isa = PBXSourcesBuildPhase;
			buildActionMask = 2147483647;
			files = (
				9AB9D2CE1BBFCBF000798D4B /* TopViewController.swift in Sources */,
				9AB9D2D51BBFCDF800798D4B /* Decorator.swift in Sources */,
				9AB9D2D01BBFCC3F00798D4B /* SingletonDataManager.swift in Sources */,
				9AB9D2D81BBFD42E00798D4B /* FactoryMethod.swift in Sources */,
				9AB9D29E1BBFCAD200798D4B /* AppDelegate.swift in Sources */,
			);
			runOnlyForDeploymentPostprocessing = 0;
		};
		9AB9D2AA1BBFCAD200798D4B /* Sources */ = {
			isa = PBXSourcesBuildPhase;
			buildActionMask = 2147483647;
			files = (
				9AB9D2B31BBFCAD200798D4B /* SwiftDesignPatternsTests.swift in Sources */,
			);
			runOnlyForDeploymentPostprocessing = 0;
		};
		9AB9D2B51BBFCAD200798D4B /* Sources */ = {
			isa = PBXSourcesBuildPhase;
			buildActionMask = 2147483647;
			files = (
				9AB9D2BE1BBFCAD200798D4B /* SwiftDesignPatternsUITests.swift in Sources */,
			);
			runOnlyForDeploymentPostprocessing = 0;
		};
/* End PBXSourcesBuildPhase section */

/* Begin PBXTargetDependency section */
		9AB9D2B01BBFCAD200798D4B /* PBXTargetDependency */ = {
			isa = PBXTargetDependency;
			target = 9AB9D2991BBFCAD200798D4B /* SwiftDesignPatterns */;
			targetProxy = 9AB9D2AF1BBFCAD200798D4B /* PBXContainerItemProxy */;
		};
		9AB9D2BB1BBFCAD200798D4B /* PBXTargetDependency */ = {
			isa = PBXTargetDependency;
			target = 9AB9D2991BBFCAD200798D4B /* SwiftDesignPatterns */;
			targetProxy = 9AB9D2BA1BBFCAD200798D4B /* PBXContainerItemProxy */;
		};
/* End PBXTargetDependency section */

/* Begin PBXVariantGroup section */
		9AB9D2A11BBFCAD200798D4B /* Main.storyboard */ = {
			isa = PBXVariantGroup;
			children = (
				9AB9D2A21BBFCAD200798D4B /* Base */,
			);
			name = Main.storyboard;
			sourceTree = "<group>";
		};
		9AB9D2A61BBFCAD200798D4B /* LaunchScreen.storyboard */ = {
			isa = PBXVariantGroup;
			children = (
				9AB9D2A71BBFCAD200798D4B /* Base */,
			);
			name = LaunchScreen.storyboard;
			sourceTree = "<group>";
		};
/* End PBXVariantGroup section */

/* Begin XCBuildConfiguration section */
		9AB9D2C01BBFCAD200798D4B /* Debug */ = {
			isa = XCBuildConfiguration;
			buildSettings = {
				ALWAYS_SEARCH_USER_PATHS = NO;
				CLANG_CXX_LANGUAGE_STANDARD = "gnu++0x";
				CLANG_CXX_LIBRARY = "libc++";
				CLANG_ENABLE_MODULES = YES;
				CLANG_ENABLE_OBJC_ARC = YES;
				CLANG_WARN_BOOL_CONVERSION = YES;
				CLANG_WARN_CONSTANT_CONVERSION = YES;
				CLANG_WARN_DIRECT_OBJC_ISA_USAGE = YES_ERROR;
				CLANG_WARN_EMPTY_BODY = YES;
				CLANG_WARN_ENUM_CONVERSION = YES;
				CLANG_WARN_INT_CONVERSION = YES;
				CLANG_WARN_OBJC_ROOT_CLASS = YES_ERROR;
				CLANG_WARN_UNREACHABLE_CODE = YES;
				CLANG_WARN__DUPLICATE_METHOD_MATCH = YES;
				"CODE_SIGN_IDENTITY[sdk=iphoneos*]" = "iPhone Developer";
				COPY_PHASE_STRIP = NO;
				DEBUG_INFORMATION_FORMAT = dwarf;
				ENABLE_STRICT_OBJC_MSGSEND = YES;
				ENABLE_TESTABILITY = YES;
				GCC_C_LANGUAGE_STANDARD = gnu99;
				GCC_DYNAMIC_NO_PIC = NO;
				GCC_NO_COMMON_BLOCKS = YES;
				GCC_OPTIMIZATION_LEVEL = 0;
				GCC_PREPROCESSOR_DEFINITIONS = (
					"DEBUG=1",
					"$(inherited)",
				);
				GCC_WARN_64_TO_32_BIT_CONVERSION = YES;
				GCC_WARN_ABOUT_RETURN_TYPE = YES_ERROR;
				GCC_WARN_UNDECLARED_SELECTOR = YES;
				GCC_WARN_UNINITIALIZED_AUTOS = YES_AGGRESSIVE;
				GCC_WARN_UNUSED_FUNCTION = YES;
				GCC_WARN_UNUSED_VARIABLE = YES;
				IPHONEOS_DEPLOYMENT_TARGET = 9.0;
				MTL_ENABLE_DEBUG_INFO = YES;
				ONLY_ACTIVE_ARCH = YES;
				SDKROOT = iphoneos;
				SWIFT_OPTIMIZATION_LEVEL = "-Onone";
			};
			name = Debug;
		};
		9AB9D2C11BBFCAD200798D4B /* Release */ = {
			isa = XCBuildConfiguration;
			buildSettings = {
				ALWAYS_SEARCH_USER_PATHS = NO;
				CLANG_CXX_LANGUAGE_STANDARD = "gnu++0x";
				CLANG_CXX_LIBRARY = "libc++";
				CLANG_ENABLE_MODULES = YES;
				CLANG_ENABLE_OBJC_ARC = YES;
				CLANG_WARN_BOOL_CONVERSION = YES;
				CLANG_WARN_CONSTANT_CONVERSION = YES;
				CLANG_WARN_DIRECT_OBJC_ISA_USAGE = YES_ERROR;
				CLANG_WARN_EMPTY_BODY = YES;
				CLANG_WARN_ENUM_CONVERSION = YES;
				CLANG_WARN_INT_CONVERSION = YES;
				CLANG_WARN_OBJC_ROOT_CLASS = YES_ERROR;
				CLANG_WARN_UNREACHABLE_CODE = YES;
				CLANG_WARN__DUPLICATE_METHOD_MATCH = YES;
				"CODE_SIGN_IDENTITY[sdk=iphoneos*]" = "iPhone Developer";
				COPY_PHASE_STRIP = NO;
				DEBUG_INFORMATION_FORMAT = "dwarf-with-dsym";
				ENABLE_NS_ASSERTIONS = NO;
				ENABLE_STRICT_OBJC_MSGSEND = YES;
				GCC_C_LANGUAGE_STANDARD = gnu99;
				GCC_NO_COMMON_BLOCKS = YES;
				GCC_WARN_64_TO_32_BIT_CONVERSION = YES;
				GCC_WARN_ABOUT_RETURN_TYPE = YES_ERROR;
				GCC_WARN_UNDECLARED_SELECTOR = YES;
				GCC_WARN_UNINITIALIZED_AUTOS = YES_AGGRESSIVE;
				GCC_WARN_UNUSED_FUNCTION = YES;
				GCC_WARN_UNUSED_VARIABLE = YES;
				IPHONEOS_DEPLOYMENT_TARGET = 9.0;
				MTL_ENABLE_DEBUG_INFO = NO;
				SDKROOT = iphoneos;
				VALIDATE_PRODUCT = YES;
			};
			name = Release;
		};
		9AB9D2C31BBFCAD200798D4B /* Debug */ = {
			isa = XCBuildConfiguration;
			buildSettings = {
				ASSETCATALOG_COMPILER_APPICON_NAME = AppIcon;
				INFOPLIST_FILE = SwiftDesignPatterns/Info.plist;
				LD_RUNPATH_SEARCH_PATHS = "$(inherited) @executable_path/Frameworks";
				PRODUCT_BUNDLE_IDENTIFIER = com.naoyashiga.SwiftDesignPatterns;
				PRODUCT_NAME = "$(TARGET_NAME)";
			};
			name = Debug;
		};
		9AB9D2C41BBFCAD200798D4B /* Release */ = {
			isa = XCBuildConfiguration;
			buildSettings = {
				ASSETCATALOG_COMPILER_APPICON_NAME = AppIcon;
				INFOPLIST_FILE = SwiftDesignPatterns/Info.plist;
				LD_RUNPATH_SEARCH_PATHS = "$(inherited) @executable_path/Frameworks";
				PRODUCT_BUNDLE_IDENTIFIER = com.naoyashiga.SwiftDesignPatterns;
				PRODUCT_NAME = "$(TARGET_NAME)";
			};
			name = Release;
		};
		9AB9D2C61BBFCAD200798D4B /* Debug */ = {
			isa = XCBuildConfiguration;
			buildSettings = {
				BUNDLE_LOADER = "$(TEST_HOST)";
				INFOPLIST_FILE = SwiftDesignPatternsTests/Info.plist;
				LD_RUNPATH_SEARCH_PATHS = "$(inherited) @executable_path/Frameworks @loader_path/Frameworks";
				PRODUCT_BUNDLE_IDENTIFIER = com.naoyashiga.SwiftDesignPatternsTests;
				PRODUCT_NAME = "$(TARGET_NAME)";
				TEST_HOST = "$(BUILT_PRODUCTS_DIR)/SwiftDesignPatterns.app/SwiftDesignPatterns";
			};
			name = Debug;
		};
		9AB9D2C71BBFCAD200798D4B /* Release */ = {
			isa = XCBuildConfiguration;
			buildSettings = {
				BUNDLE_LOADER = "$(TEST_HOST)";
				INFOPLIST_FILE = SwiftDesignPatternsTests/Info.plist;
				LD_RUNPATH_SEARCH_PATHS = "$(inherited) @executable_path/Frameworks @loader_path/Frameworks";
				PRODUCT_BUNDLE_IDENTIFIER = com.naoyashiga.SwiftDesignPatternsTests;
				PRODUCT_NAME = "$(TARGET_NAME)";
				TEST_HOST = "$(BUILT_PRODUCTS_DIR)/SwiftDesignPatterns.app/SwiftDesignPatterns";
			};
			name = Release;
		};
		9AB9D2C91BBFCAD200798D4B /* Debug */ = {
			isa = XCBuildConfiguration;
			buildSettings = {
				INFOPLIST_FILE = SwiftDesignPatternsUITests/Info.plist;
				LD_RUNPATH_SEARCH_PATHS = "$(inherited) @executable_path/Frameworks @loader_path/Frameworks";
				PRODUCT_BUNDLE_IDENTIFIER = com.naoyashiga.SwiftDesignPatternsUITests;
				PRODUCT_NAME = "$(TARGET_NAME)";
				TEST_TARGET_NAME = SwiftDesignPatterns;
				USES_XCTRUNNER = YES;
			};
			name = Debug;
		};
		9AB9D2CA1BBFCAD200798D4B /* Release */ = {
			isa = XCBuildConfiguration;
			buildSettings = {
				INFOPLIST_FILE = SwiftDesignPatternsUITests/Info.plist;
				LD_RUNPATH_SEARCH_PATHS = "$(inherited) @executable_path/Frameworks @loader_path/Frameworks";
				PRODUCT_BUNDLE_IDENTIFIER = com.naoyashiga.SwiftDesignPatternsUITests;
				PRODUCT_NAME = "$(TARGET_NAME)";
				TEST_TARGET_NAME = SwiftDesignPatterns;
				USES_XCTRUNNER = YES;
			};
			name = Release;
		};
/* End XCBuildConfiguration section */

/* Begin XCConfigurationList section */
		9AB9D2951BBFCAD200798D4B /* Build configuration list for PBXProject "SwiftDesignPatterns" */ = {
			isa = XCConfigurationList;
			buildConfigurations = (
				9AB9D2C01BBFCAD200798D4B /* Debug */,
				9AB9D2C11BBFCAD200798D4B /* Release */,
			);
			defaultConfigurationIsVisible = 0;
			defaultConfigurationName = Release;
		};
		9AB9D2C21BBFCAD200798D4B /* Build configuration list for PBXNativeTarget "SwiftDesignPatterns" */ = {
			isa = XCConfigurationList;
			buildConfigurations = (
				9AB9D2C31BBFCAD200798D4B /* Debug */,
				9AB9D2C41BBFCAD200798D4B /* Release */,
			);
			defaultConfigurationIsVisible = 0;
		};
		9AB9D2C51BBFCAD200798D4B /* Build configuration list for PBXNativeTarget "SwiftDesignPatternsTests" */ = {
			isa = XCConfigurationList;
			buildConfigurations = (
				9AB9D2C61BBFCAD200798D4B /* Debug */,
				9AB9D2C71BBFCAD200798D4B /* Release */,
			);
			defaultConfigurationIsVisible = 0;
		};
		9AB9D2C81BBFCAD200798D4B /* Build configuration list for PBXNativeTarget "SwiftDesignPatternsUITests" */ = {
			isa = XCConfigurationList;
			buildConfigurations = (
				9AB9D2C91BBFCAD200798D4B /* Debug */,
				9AB9D2CA1BBFCAD200798D4B /* Release */,
			);
			defaultConfigurationIsVisible = 0;
		};
/* End XCConfigurationList section */
	};
	rootObject = 9AB9D2921BBFCAD200798D4B /* Project object */;
}
